
Microsoft Visual Studio Solution File, Format Version 12.00
# Visual Studio Version 16
VisualStudioVersion = 16.0.31702.278
MinimumVisualStudioVersion = 10.0.40219.1
Project("{FAE04EC0-301F-11D3-BF4B-00C04F79EFBC}") = "messanger", "messanger.csproj", "{061C3181-6140-44D7-ACE2-FB212BE172E8}"
EndProject
Global
	GlobalSection(SolutionConfigurationPlatforms) = preSolution
		Debug|Any CPU = Debug|Any CPU
		Release|Any CPU = Release|Any CPU
	EndGlobalSection
	GlobalSection(ProjectConfigurationPlatforms) = postSolution
		{061C3181-6140-44D7-ACE2-FB212BE172E8}.Debug|Any CPU.ActiveCfg = Debug|Any CPU
		{061C3181-6140-44D7-ACE2-FB212BE172E8}.Debug|Any CPU.Build.0 = Debug|Any CPU
		{061C3181-6140-44D7-ACE2-FB212BE172E8}.Release|Any CPU.ActiveCfg = Release|Any CPU
		{061C3181-6140-44D7-ACE2-FB212BE172E8}.Release|Any CPU.Build.0 = Release|Any CPU
	EndGlobalSection
	GlobalSection(SolutionProperties) = preSolution
		HideSolutionNode = FALSE
	EndGlobalSection
	GlobalSection(ExtensibilityGlobals) = postSolution
		SolutionGuid = {7335A0F1-963C-4851-9357-E51EBB4A62B5}
	EndGlobalSection
EndGlobal
