
Microsoft Visual Studio Solution File, Format Version 12.00
# Visual Studio Version 16
VisualStudioVersion = 16.0.31702.278
MinimumVisualStudioVersion = 10.0.40219.1
Project("{FAE04EC0-301F-11D3-BF4B-00C04F79EFBC}") = "ex1", "ex1.csproj", "{09B951C6-24E9-4495-BE24-0622E247828B}"
EndProject
Global
	GlobalSection(SolutionConfigurationPlatforms) = preSolution
		Debug|Any CPU = Debug|Any CPU
		Release|Any CPU = Release|Any CPU
	EndGlobalSection
	GlobalSection(ProjectConfigurationPlatforms) = postSolution
		{09B951C6-24E9-4495-BE24-0622E247828B}.Debug|Any CPU.ActiveCfg = Debug|Any CPU
		{09B951C6-24E9-4495-BE24-0622E247828B}.Debug|Any CPU.Build.0 = Debug|Any CPU
		{09B951C6-24E9-4495-BE24-0622E247828B}.Release|Any CPU.ActiveCfg = Release|Any CPU
		{09B951C6-24E9-4495-BE24-0622E247828B}.Release|Any CPU.Build.0 = Release|Any CPU
	EndGlobalSection
	GlobalSection(SolutionProperties) = preSolution
		HideSolutionNode = FALSE
	EndGlobalSection
	GlobalSection(ExtensibilityGlobals) = postSolution
		SolutionGuid = {B2612415-4FE7-41B3-96ED-E8965F998C97}
	EndGlobalSection
EndGlobal
